// !$*UTF8*$!
{
	archiveVersion = 1;
	classes = {
	};
	objectVersion = 50;
	objects = {

/* Begin PBXBuildFile section */
		5A003FAB26E8A89600B44B04 /* AppDelegate.swift in Sources */ = {isa = PBXBuildFile; fileRef = 5A003FAA26E8A89600B44B04 /* AppDelegate.swift */; };
		5A003FAD26E8A89600B44B04 /* SceneDelegate.swift in Sources */ = {isa = PBXBuildFile; fileRef = 5A003FAC26E8A89600B44B04 /* SceneDelegate.swift */; };
		5A003FAF26E8A89600B44B04 /* ContentView.swift in Sources */ = {isa = PBXBuildFile; fileRef = 5A003FAE26E8A89600B44B04 /* ContentView.swift */; };
		5A003FB126E8A89800B44B04 /* Assets.xcassets in Resources */ = {isa = PBXBuildFile; fileRef = 5A003FB026E8A89800B44B04 /* Assets.xcassets */; };
		5A003FB426E8A89800B44B04 /* Preview Assets.xcassets in Resources */ = {isa = PBXBuildFile; fileRef = 5A003FB326E8A89800B44B04 /* Preview Assets.xcassets */; };
		5A003FB726E8A89800B44B04 /* LaunchScreen.storyboard in Resources */ = {isa = PBXBuildFile; fileRef = 5A003FB526E8A89800B44B04 /* LaunchScreen.storyboard */; };
		5A003FBF26E8B2B900B44B04 /* resorts.json in Resources */ = {isa = PBXBuildFile; fileRef = 5A003FBE26E8B2B800B44B04 /* resorts.json */; };
		5A003FC126E8B30800B44B04 /* Resort.swift in Sources */ = {isa = PBXBuildFile; fileRef = 5A003FC026E8B30800B44B04 /* Resort.swift */; };
		5A003FC326E8B3B300B44B04 /* Bundle-Decodable.swift in Sources */ = {isa = PBXBuildFile; fileRef = 5A003FC226E8B3B300B44B04 /* Bundle-Decodable.swift */; };
		5A003FC526E8B5DE00B44B04 /* WelcomeView.swift in Sources */ = {isa = PBXBuildFile; fileRef = 5A003FC426E8B5DE00B44B04 /* WelcomeView.swift */; };
		5A003FC726E8B64900B44B04 /* ExampleView.swift in Sources */ = {isa = PBXBuildFile; fileRef = 5A003FC626E8B64900B44B04 /* ExampleView.swift */; };
		5A003FC926E8B74500B44B04 /* ResortView.swift in Sources */ = {isa = PBXBuildFile; fileRef = 5A003FC826E8B74500B44B04 /* ResortView.swift */; };
		5A003FCB26E8B88500B44B04 /* SkiDetailsView.swift in Sources */ = {isa = PBXBuildFile; fileRef = 5A003FCA26E8B88500B44B04 /* SkiDetailsView.swift */; };
		5A003FCD26E8B8D200B44B04 /* ResortDetailsView.swift in Sources */ = {isa = PBXBuildFile; fileRef = 5A003FCC26E8B8D200B44B04 /* ResortDetailsView.swift */; };
		5A003FCF26E8BC6300B44B04 /* Facility.swift in Sources */ = {isa = PBXBuildFile; fileRef = 5A003FCE26E8BC6300B44B04 /* Facility.swift */; };
		5A003FD126E8C09500B44B04 /* Favorites.swift in Sources */ = {isa = PBXBuildFile; fileRef = 5A003FD026E8C09500B44B04 /* Favorites.swift */; };
/* End PBXBuildFile section */

/* Begin PBXFileReference section */
		5A003FA726E8A89600B44B04 /* SnowSeeker.app */ = {isa = PBXFileReference; explicitFileType = wrapper.application; includeInIndex = 0; path = SnowSeeker.app; sourceTree = BUILT_PRODUCTS_DIR; };
		5A003FAA26E8A89600B44B04 /* AppDelegate.swift */ = {isa = PBXFileReference; lastKnownFileType = sourcecode.swift; path = AppDelegate.swift; sourceTree = "<group>"; };
		5A003FAC26E8A89600B44B04 /* SceneDelegate.swift */ = {isa = PBXFileReference; lastKnownFileType = sourcecode.swift; path = SceneDelegate.swift; sourceTree = "<group>"; };
		5A003FAE26E8A89600B44B04 /* ContentView.swift */ = {isa = PBXFileReference; lastKnownFileType = sourcecode.swift; path = ContentView.swift; sourceTree = "<group>"; };
		5A003FB026E8A89800B44B04 /* Assets.xcassets */ = {isa = PBXFileReference; lastKnownFileType = folder.assetcatalog; path = Assets.xcassets; sourceTree = "<group>"; };
		5A003FB326E8A89800B44B04 /* Preview Assets.xcassets */ = {isa = PBXFileReference; lastKnownFileType = folder.assetcatalog; path = "Preview Assets.xcassets"; sourceTree = "<group>"; };
		5A003FB626E8A89800B44B04 /* Base */ = {isa = PBXFileReference; lastKnownFileType = file.storyboard; name = Base; path = Base.lproj/LaunchScreen.storyboard; sourceTree = "<group>"; };
		5A003FB826E8A89800B44B04 /* Info.plist */ = {isa = PBXFileReference; lastKnownFileType = text.plist.xml; path = Info.plist; sourceTree = "<group>"; };
		5A003FBE26E8B2B800B44B04 /* resorts.json */ = {isa = PBXFileReference; fileEncoding = 4; lastKnownFileType = text.json; path = resorts.json; sourceTree = "<group>"; };
		5A003FC026E8B30800B44B04 /* Resort.swift */ = {isa = PBXFileReference; lastKnownFileType = sourcecode.swift; path = Resort.swift; sourceTree = "<group>"; };
		5A003FC226E8B3B300B44B04 /* Bundle-Decodable.swift */ = {isa = PBXFileReference; lastKnownFileType = sourcecode.swift; path = "Bundle-Decodable.swift"; sourceTree = "<group>"; };
		5A003FC426E8B5DE00B44B04 /* WelcomeView.swift */ = {isa = PBXFileReference; lastKnownFileType = sourcecode.swift; path = WelcomeView.swift; sourceTree = "<group>"; };
		5A003FC626E8B64900B44B04 /* ExampleView.swift */ = {isa = PBXFileReference; lastKnownFileType = sourcecode.swift; path = ExampleView.swift; sourceTree = "<group>"; };
		5A003FC826E8B74500B44B04 /* ResortView.swift */ = {isa = PBXFileReference; lastKnownFileType = sourcecode.swift; path = ResortView.swift; sourceTree = "<group>"; };
		5A003FCA26E8B88500B44B04 /* SkiDetailsView.swift */ = {isa = PBXFileReference; lastKnownFileType = sourcecode.swift; path = SkiDetailsView.swift; sourceTree = "<group>"; };
		5A003FCC26E8B8D200B44B04 /* ResortDetailsView.swift */ = {isa = PBXFileReference; lastKnownFileType = sourcecode.swift; path = ResortDetailsView.swift; sourceTree = "<group>"; };
		5A003FCE26E8BC6300B44B04 /* Facility.swift */ = {isa = PBXFileReference; lastKnownFileType = sourcecode.swift; path = Facility.swift; sourceTree = "<group>"; };
		5A003FD026E8C09500B44B04 /* Favorites.swift */ = {isa = PBXFileReference; lastKnownFileType = sourcecode.swift; path = Favorites.swift; sourceTree = "<group>"; };
/* End PBXFileReference section */

/* Begin PBXFrameworksBuildPhase section */
		5A003FA426E8A89600B44B04 /* Frameworks */ = {
			isa = PBXFrameworksBuildPhase;
			buildActionMask = 2147483647;
			files = (
			);
			runOnlyForDeploymentPostprocessing = 0;
		};
/* End PBXFrameworksBuildPhase section */

/* Begin PBXGroup section */
		5A003F9E26E8A89600B44B04 = {
			isa = PBXGroup;
			children = (
				5A003FA926E8A89600B44B04 /* SnowSeeker */,
				5A003FA826E8A89600B44B04 /* Products */,
			);
			sourceTree = "<group>";
		};
		5A003FA826E8A89600B44B04 /* Products */ = {
			isa = PBXGroup;
			children = (
				5A003FA726E8A89600B44B04 /* SnowSeeker.app */,
			);
			name = Products;
			sourceTree = "<group>";
		};
		5A003FA926E8A89600B44B04 /* SnowSeeker */ = {
			isa = PBXGroup;
			children = (
				5A003FAA26E8A89600B44B04 /* AppDelegate.swift */,
				5A003FAC26E8A89600B44B04 /* SceneDelegate.swift */,
				5A003FAE26E8A89600B44B04 /* ContentView.swift */,
				5A003FC426E8B5DE00B44B04 /* WelcomeView.swift */,
				5A003FC826E8B74500B44B04 /* ResortView.swift */,
				5A003FCE26E8BC6300B44B04 /* Facility.swift */,
				5A003FCA26E8B88500B44B04 /* SkiDetailsView.swift */,
				5A003FCC26E8B8D200B44B04 /* ResortDetailsView.swift */,
				5A003FD026E8C09500B44B04 /* Favorites.swift */,
				5A003FC026E8B30800B44B04 /* Resort.swift */,
				5A003FC226E8B3B300B44B04 /* Bundle-Decodable.swift */,
				5A003FBE26E8B2B800B44B04 /* resorts.json */,
				5A003FC626E8B64900B44B04 /* ExampleView.swift */,
				5A003FB026E8A89800B44B04 /* Assets.xcassets */,
				5A003FB526E8A89800B44B04 /* LaunchScreen.storyboard */,
				5A003FB826E8A89800B44B04 /* Info.plist */,
				5A003FB226E8A89800B44B04 /* Preview Content */,
			);
			path = SnowSeeker;
			sourceTree = "<group>";
		};
		5A003FB226E8A89800B44B04 /* Preview Content */ = {
			isa = PBXGroup;
			children = (
				5A003FB326E8A89800B44B04 /* Preview Assets.xcassets */,
			);
			path = "Preview Content";
			sourceTree = "<group>";
		};
/* End PBXGroup section */

/* Begin PBXNativeTarget section */
		5A003FA626E8A89600B44B04 /* SnowSeeker */ = {
			isa = PBXNativeTarget;
			buildConfigurationList = 5A003FBB26E8A89800B44B04 /* Build configuration list for PBXNativeTarget "SnowSeeker" */;
			buildPhases = (
				5A003FA326E8A89600B44B04 /* Sources */,
				5A003FA426E8A89600B44B04 /* Frameworks */,
				5A003FA526E8A89600B44B04 /* Resources */,
			);
			buildRules = (
			);
			dependencies = (
			);
			name = SnowSeeker;
			productName = SnowSeeker;
			productReference = 5A003FA726E8A89600B44B04 /* SnowSeeker.app */;
			productType = "com.apple.product-type.application";
		};
/* End PBXNativeTarget section */

/* Begin PBXProject section */
		5A003F9F26E8A89600B44B04 /* Project object */ = {
			isa = PBXProject;
			attributes = {
				LastSwiftUpdateCheck = 1250;
				LastUpgradeCheck = 1250;
				TargetAttributes = {
					5A003FA626E8A89600B44B04 = {
						CreatedOnToolsVersion = 12.5;
					};
				};
			};
			buildConfigurationList = 5A003FA226E8A89600B44B04 /* Build configuration list for PBXProject "SnowSeeker" */;
			compatibilityVersion = "Xcode 9.3";
			developmentRegion = en;
			hasScannedForEncodings = 0;
			knownRegions = (
				en,
				Base,
			);
			mainGroup = 5A003F9E26E8A89600B44B04;
			productRefGroup = 5A003FA826E8A89600B44B04 /* Products */;
			projectDirPath = "";
			projectRoot = "";
			targets = (
				5A003FA626E8A89600B44B04 /* SnowSeeker */,
			);
		};
/* End PBXProject section */

/* Begin PBXResourcesBuildPhase section */
		5A003FA526E8A89600B44B04 /* Resources */ = {
			isa = PBXResourcesBuildPhase;
			buildActionMask = 2147483647;
			files = (
				5A003FB726E8A89800B44B04 /* LaunchScreen.storyboard in Resources */,
				5A003FB426E8A89800B44B04 /* Preview Assets.xcassets in Resources */,
				5A003FBF26E8B2B900B44B04 /* resorts.json in Resources */,
				5A003FB126E8A89800B44B04 /* Assets.xcassets in Resources */,
			);
			runOnlyForDeploymentPostprocessing = 0;
		};
/* End PBXResourcesBuildPhase section */

/* Begin PBXSourcesBuildPhase section */
		5A003FA326E8A89600B44B04 /* Sources */ = {
			isa = PBXSourcesBuildPhase;
			buildActionMask = 2147483647;
			files = (
				5A003FCD26E8B8D200B44B04 /* ResortDetailsView.swift in Sources */,
				5A003FAB26E8A89600B44B04 /* AppDelegate.swift in Sources */,
				5A003FCF26E8BC6300B44B04 /* Facility.swift in Sources */,
				5A003FC526E8B5DE00B44B04 /* WelcomeView.swift in Sources */,
				5A003FAD26E8A89600B44B04 /* SceneDelegate.swift in Sources */,
				5A003FC326E8B3B300B44B04 /* Bundle-Decodable.swift in Sources */,
				5A003FCB26E8B88500B44B04 /* SkiDetailsView.swift in Sources */,
				5A003FC126E8B30800B44B04 /* Resort.swift in Sources */,
				5A003FC926E8B74500B44B04 /* ResortView.swift in Sources */,
				5A003FD126E8C09500B44B04 /* Favorites.swift in Sources */,
				5A003FC726E8B64900B44B04 /* ExampleView.swift in Sources */,
				5A003FAF26E8A89600B44B04 /* ContentView.swift in Sources */,
			);
			runOnlyForDeploymentPostprocessing = 0;
		};
/* End PBXSourcesBuildPhase section */

/* Begin PBXVariantGroup section */
		5A003FB526E8A89800B44B04 /* LaunchScreen.storyboard */ = {
			isa = PBXVariantGroup;
			children = (
				5A003FB626E8A89800B44B04 /* Base */,
			);
			name = LaunchScreen.storyboard;
			sourceTree = "<group>";
		};
/* End PBXVariantGroup section */

/* Begin XCBuildConfiguration section */
		5A003FB926E8A89800B44B04 /* Debug */ = {
			isa = XCBuildConfiguration;
			buildSettings = {
				ALWAYS_SEARCH_USER_PATHS = NO;
				CLANG_ANALYZER_NONNULL = YES;
				CLANG_ANALYZER_NUMBER_OBJECT_CONVERSION = YES_AGGRESSIVE;
				CLANG_CXX_LANGUAGE_STANDARD = "gnu++14";
				CLANG_CXX_LIBRARY = "libc++";
				CLANG_ENABLE_MODULES = YES;
				CLANG_ENABLE_OBJC_ARC = YES;
				CLANG_ENABLE_OBJC_WEAK = YES;
				CLANG_WARN_BLOCK_CAPTURE_AUTORELEASING = YES;
				CLANG_WARN_BOOL_CONVERSION = YES;
				CLANG_WARN_COMMA = YES;
				CLANG_WARN_CONSTANT_CONVERSION = YES;
				CLANG_WARN_DEPRECATED_OBJC_IMPLEMENTATIONS = YES;
				CLANG_WARN_DIRECT_OBJC_ISA_USAGE = YES_ERROR;
				CLANG_WARN_DOCUMENTATION_COMMENTS = YES;
				CLANG_WARN_EMPTY_BODY = YES;
				CLANG_WARN_ENUM_CONVERSION = YES;
				CLANG_WARN_INFINITE_RECURSION = YES;
				CLANG_WARN_INT_CONVERSION = YES;
				CLANG_WARN_NON_LITERAL_NULL_CONVERSION = YES;
				CLANG_WARN_OBJC_IMPLICIT_RETAIN_SELF = YES;
				CLANG_WARN_OBJC_LITERAL_CONVERSION = YES;
				CLANG_WARN_OBJC_ROOT_CLASS = YES_ERROR;
				CLANG_WARN_QUOTED_INCLUDE_IN_FRAMEWORK_HEADER = YES;
				CLANG_WARN_RANGE_LOOP_ANALYSIS = YES;
				CLANG_WARN_STRICT_PROTOTYPES = YES;
				CLANG_WARN_SUSPICIOUS_MOVE = YES;
				CLANG_WARN_UNGUARDED_AVAILABILITY = YES_AGGRESSIVE;
				CLANG_WARN_UNREACHABLE_CODE = YES;
				CLANG_WARN__DUPLICATE_METHOD_MATCH = YES;
				COPY_PHASE_STRIP = NO;
				DEBUG_INFORMATION_FORMAT = dwarf;
				ENABLE_STRICT_OBJC_MSGSEND = YES;
				ENABLE_TESTABILITY = YES;
				GCC_C_LANGUAGE_STANDARD = gnu11;
				GCC_DYNAMIC_NO_PIC = NO;
				GCC_NO_COMMON_BLOCKS = YES;
				GCC_OPTIMIZATION_LEVEL = 0;
				GCC_PREPROCESSOR_DEFINITIONS = (
					"DEBUG=1",
					"$(inherited)",
				);
				GCC_WARN_64_TO_32_BIT_CONVERSION = YES;
				GCC_WARN_ABOUT_RETURN_TYPE = YES_ERROR;
				GCC_WARN_UNDECLARED_SELECTOR = YES;
				GCC_WARN_UNINITIALIZED_AUTOS = YES_AGGRESSIVE;
				GCC_WARN_UNUSED_FUNCTION = YES;
				GCC_WARN_UNUSED_VARIABLE = YES;
				IPHONEOS_DEPLOYMENT_TARGET = 14.5;
				MTL_ENABLE_DEBUG_INFO = INCLUDE_SOURCE;
				MTL_FAST_MATH = YES;
				ONLY_ACTIVE_ARCH = YES;
				SDKROOT = iphoneos;
				SWIFT_ACTIVE_COMPILATION_CONDITIONS = DEBUG;
				SWIFT_OPTIMIZATION_LEVEL = "-Onone";
			};
			name = Debug;
		};
		5A003FBA26E8A89800B44B04 /* Release */ = {
			isa = XCBuildConfiguration;
			buildSettings = {
				ALWAYS_SEARCH_USER_PATHS = NO;
				CLANG_ANALYZER_NONNULL = YES;
				CLANG_ANALYZER_NUMBER_OBJECT_CONVERSION = YES_AGGRESSIVE;
				CLANG_CXX_LANGUAGE_STANDARD = "gnu++14";
				CLANG_CXX_LIBRARY = "libc++";
				CLANG_ENABLE_MODULES = YES;
				CLANG_ENABLE_OBJC_ARC = YES;
				CLANG_ENABLE_OBJC_WEAK = YES;
				CLANG_WARN_BLOCK_CAPTURE_AUTORELEASING = YES;
				CLANG_WARN_BOOL_CONVERSION = YES;
				CLANG_WARN_COMMA = YES;
				CLANG_WARN_CONSTANT_CONVERSION = YES;
				CLANG_WARN_DEPRECATED_OBJC_IMPLEMENTATIONS = YES;
				CLANG_WARN_DIRECT_OBJC_ISA_USAGE = YES_ERROR;
				CLANG_WARN_DOCUMENTATION_COMMENTS = YES;
				CLANG_WARN_EMPTY_BODY = YES;
				CLANG_WARN_ENUM_CONVERSION = YES;
				CLANG_WARN_INFINITE_RECURSION = YES;
				CLANG_WARN_INT_CONVERSION = YES;
				CLANG_WARN_NON_LITERAL_NULL_CONVERSION = YES;
				CLANG_WARN_OBJC_IMPLICIT_RETAIN_SELF = YES;
				CLANG_WARN_OBJC_LITERAL_CONVERSION = YES;
				CLANG_WARN_OBJC_ROOT_CLASS = YES_ERROR;
				CLANG_WARN_QUOTED_INCLUDE_IN_FRAMEWORK_HEADER = YES;
				CLANG_WARN_RANGE_LOOP_ANALYSIS = YES;
				CLANG_WARN_STRICT_PROTOTYPES = YES;
				CLANG_WARN_SUSPICIOUS_MOVE = YES;
				CLANG_WARN_UNGUARDED_AVAILABILITY = YES_AGGRESSIVE;
				CLANG_WARN_UNREACHABLE_CODE = YES;
				CLANG_WARN__DUPLICATE_METHOD_MATCH = YES;
				COPY_PHASE_STRIP = NO;
				DEBUG_INFORMATION_FORMAT = "dwarf-with-dsym";
				ENABLE_NS_ASSERTIONS = NO;
				ENABLE_STRICT_OBJC_MSGSEND = YES;
				GCC_C_LANGUAGE_STANDARD = gnu11;
				GCC_NO_COMMON_BLOCKS = YES;
				GCC_WARN_64_TO_32_BIT_CONVERSION = YES;
				GCC_WARN_ABOUT_RETURN_TYPE = YES_ERROR;
				GCC_WARN_UNDECLARED_SELECTOR = YES;
				GCC_WARN_UNINITIALIZED_AUTOS = YES_AGGRESSIVE;
				GCC_WARN_UNUSED_FUNCTION = YES;
				GCC_WARN_UNUSED_VARIABLE = YES;
				IPHONEOS_DEPLOYMENT_TARGET = 14.5;
				MTL_ENABLE_DEBUG_INFO = NO;
				MTL_FAST_MATH = YES;
				SDKROOT = iphoneos;
				SWIFT_COMPILATION_MODE = wholemodule;
				SWIFT_OPTIMIZATION_LEVEL = "-O";
				VALIDATE_PRODUCT = YES;
			};
			name = Release;
		};
		5A003FBC26E8A89800B44B04 /* Debug */ = {
			isa = XCBuildConfiguration;
			buildSettings = {
				ASSETCATALOG_COMPILER_APPICON_NAME = AppIcon;
				ASSETCATALOG_COMPILER_GLOBAL_ACCENT_COLOR_NAME = AccentColor;
				CODE_SIGN_STYLE = Automatic;
				DEVELOPMENT_ASSET_PATHS = "\"SnowSeeker/Preview Content\"";
				DEVELOPMENT_TEAM = 6PP5K2C27F;
				ENABLE_PREVIEWS = YES;
				INFOPLIST_FILE = SnowSeeker/Info.plist;
				LD_RUNPATH_SEARCH_PATHS = (
					"$(inherited)",
					"@executable_path/Frameworks",
				);
				PRODUCT_BUNDLE_IDENTIFIER = com.jacobandrean.SnowSeeker;
				PRODUCT_NAME = "$(TARGET_NAME)";
				SWIFT_VERSION = 5.0;
				TARGETED_DEVICE_FAMILY = "1,2";
			};
			name = Debug;
		};
		5A003FBD26E8A89800B44B04 /* Release */ = {
			isa = XCBuildConfiguration;
			buildSettings = {
				ASSETCATALOG_COMPILER_APPICON_NAME = AppIcon;
				ASSETCATALOG_COMPILER_GLOBAL_ACCENT_COLOR_NAME = AccentColor;
				CODE_SIGN_STYLE = Automatic;
				DEVELOPMENT_ASSET_PATHS = "\"SnowSeeker/Preview Content\"";
				DEVELOPMENT_TEAM = 6PP5K2C27F;
				ENABLE_PREVIEWS = YES;
				INFOPLIST_FILE = SnowSeeker/Info.plist;
				LD_RUNPATH_SEARCH_PATHS = (
					"$(inherited)",
					"@executable_path/Frameworks",
				);
				PRODUCT_BUNDLE_IDENTIFIER = com.jacobandrean.SnowSeeker;
				PRODUCT_NAME = "$(TARGET_NAME)";
				SWIFT_VERSION = 5.0;
				TARGETED_DEVICE_FAMILY = "1,2";
			};
			name = Release;
		};
/* End XCBuildConfiguration section */

/* Begin XCConfigurationList section */
		5A003FA226E8A89600B44B04 /* Build configuration list for PBXProject "SnowSeeker" */ = {
			isa = XCConfigurationList;
			buildConfigurations = (
				5A003FB926E8A89800B44B04 /* Debug */,
				5A003FBA26E8A89800B44B04 /* Release */,
			);
			defaultConfigurationIsVisible = 0;
			defaultConfigurationName = Release;
		};
		5A003FBB26E8A89800B44B04 /* Build configuration list for PBXNativeTarget "SnowSeeker" */ = {
			isa = XCConfigurationList;
			buildConfigurations = (
				5A003FBC26E8A89800B44B04 /* Debug */,
				5A003FBD26E8A89800B44B04 /* Release */,
			);
			defaultConfigurationIsVisible = 0;
			defaultConfigurationName = Release;
		};
/* End XCConfigurationList section */
	};
	rootObject = 5A003F9F26E8A89600B44B04 /* Project object */;
}
